
Microsoft Visual Studio Solution File, Format Version 12.00
# Visual Studio Version 16
VisualStudioVersion = 16.0.31025.194
MinimumVisualStudioVersion = 10.0.40219.1
Project("{FAE04EC0-301F-11D3-BF4B-00C04F79EFBC}") = "TinkOff", "TinkOff\TinkOff.csproj", "{FD62CED1-9FC6-42E9-9FB1-C8412E1BE96C}"
EndProject
Global
	GlobalSection(SolutionConfigurationPlatforms) = preSolution
		Debug|Any CPU = Debug|Any CPU
		Release|Any CPU = Release|Any CPU
	EndGlobalSection
	GlobalSection(ProjectConfigurationPlatforms) = postSolution
		{FD62CED1-9FC6-42E9-9FB1-C8412E1BE96C}.Debug|Any CPU.ActiveCfg = Debug|Any CPU
		{FD62CED1-9FC6-42E9-9FB1-C8412E1BE96C}.Debug|Any CPU.Build.0 = Debug|Any CPU
		{FD62CED1-9FC6-42E9-9FB1-C8412E1BE96C}.Release|Any CPU.ActiveCfg = Release|Any CPU
		{FD62CED1-9FC6-42E9-9FB1-C8412E1BE96C}.Release|Any CPU.Build.0 = Release|Any CPU
	EndGlobalSection
	GlobalSection(SolutionProperties) = preSolution
		HideSolutionNode = FALSE
	EndGlobalSection
	GlobalSection(ExtensibilityGlobals) = postSolution
		SolutionGuid = {3626798C-72C5-4D74-A1D8-9908A4CEC627}
	EndGlobalSection
EndGlobal
